// !$*UTF8*$!
{
	archiveVersion = 1;
	classes = {
	};
	objectVersion = 77;
	objects = {

/* Begin PBXBuildFile section */
		493697E75107A6E383E841DE /* MainViewModel.swift in Sources */ = {isa = PBXBuildFile; fileRef = 55E2C6B8D906F1C2960A160B /* MainViewModel.swift */; };
		4F53CC194D8840A01AC56167 /* EditMoodView.swift in Sources */ = {isa = PBXBuildFile; fileRef = AB0A6979573682F082D87057 /* EditMoodView.swift */; };
		5D70F4B0EBB6B4C0139ED190 /* MoodView.swift in Sources */ = {isa = PBXBuildFile; fileRef = 659F769664EC61350B899A39 /* MoodView.swift */; };
		AADFCC1387BE145385F58F76 /* UIConstants.swift in Sources */ = {isa = PBXBuildFile; fileRef = 8AFD18E817606379AC06FFB0 /* UIConstants.swift */; };
		CD5F4BA1841BE74AB22282BC /* Mood.swift in Resources */ = {isa = PBXBuildFile; fileRef = 76DF667A729738DAF1865347 /* Mood.swift */; };
		D5836EE22890EA3713FFF6A5 /* Layer.swift in Sources */ = {isa = PBXBuildFile; fileRef = 1507998449752ED5C1DF40DE /* Layer.swift */; };
/* End PBXBuildFile section */

/* Begin PBXContainerItemProxy section */
		473062E02FD17E5400086379 /* PBXContainerItemProxy */ = {
			isa = PBXContainerItemProxy;
			containerPortal = 473062CA2FD17E5200086379 /* Project object */;
			proxyType = 1;
			remoteGlobalIDString = 473062D12FD17E5200086379;
			remoteInfo = broche;
		};
		473062EA2FD17E5400086379 /* PBXContainerItemProxy */ = {
			isa = PBXContainerItemProxy;
			containerPortal = 473062CA2FD17E5200086379 /* Project object */;
			proxyType = 1;
			remoteGlobalIDString = 473062D12FD17E5200086379;
			remoteInfo = broche;
		};
/* End PBXContainerItemProxy section */

/* Begin PBXFileReference section */
		1507998449752ED5C1DF40DE /* Layer.swift */ = {isa = PBXFileReference; explicitFileType = sourcecode.swift; lastKnownFileType = sourcecode.swift; name = Layer.swift; path = Layer.swift; sourceTree = "<group>"; };
		473062D22FD17E5200086379 /* broche.app */ = {isa = PBXFileReference; explicitFileType = wrapper.application; includeInIndex = 0; path = broche.app; sourceTree = BUILT_PRODUCTS_DIR; };
		473062DF2FD17E5400086379 /* brocheTests.xctest */ = {isa = PBXFileReference; explicitFileType = wrapper.cfbundle; includeInIndex = 0; path = brocheTests.xctest; sourceTree = BUILT_PRODUCTS_DIR; };
		473062E92FD17E5400086379 /* brocheUITests.xctest */ = {isa = PBXFileReference; explicitFileType = wrapper.cfbundle; includeInIndex = 0; path = brocheUITests.xctest; sourceTree = BUILT_PRODUCTS_DIR; };
		55E2C6B8D906F1C2960A160B /* MainViewModel.swift */ = {isa = PBXFileReference; explicitFileType = sourcecode.swift; path = MainViewModel.swift; sourceTree = "<group>"; };
		659F769664EC61350B899A39 /* MoodView.swift */ = {isa = PBXFileReference; explicitFileType = sourcecode.swift; lastKnownFileType = sourcecode.swift; name = MoodView.swift; path = MoodView.swift; sourceTree = "<group>"; };
		76DF667A729738DAF1865347 /* Mood.swift */ = {isa = PBXFileReference; path = Mood.swift; sourceTree = "<group>"; };
		8AFD18E817606379AC06FFB0 /* UIConstants.swift */ = {isa = PBXFileReference; explicitFileType = sourcecode.swift; lastKnownFileType = sourcecode.swift; name = UIConstants.swift; path = UIConstants.swift; sourceTree = "<group>"; };
		AB0A6979573682F082D87057 /* EditMoodView.swift */ = {isa = PBXFileReference; explicitFileType = sourcecode.swift; lastKnownFileType = sourcecode.swift; name = EditMoodView.swift; path = EditMoodView.swift; sourceTree = "<group>"; };
/* End PBXFileReference section */

/* Begin PBXFileSystemSynchronizedRootGroup section */
		473062D42FD17E5200086379 /* broche */ = {
			isa = PBXFileSystemSynchronizedRootGroup;
			path = broche;
			sourceTree = "<group>";
		};
		473062E22FD17E5400086379 /* brocheTests */ = {
			isa = PBXFileSystemSynchronizedRootGroup;
			path = brocheTests;
			sourceTree = "<group>";
		};
		473062EC2FD17E5400086379 /* brocheUITests */ = {
			isa = PBXFileSystemSynchronizedRootGroup;
			path = brocheUITests;
			sourceTree = "<group>";
		};
/* End PBXFileSystemSynchronizedRootGroup section */

/* Begin PBXFrameworksBuildPhase section */
		473062CF2FD17E5200086379 /* Frameworks */ = {
			isa = PBXFrameworksBuildPhase;
			buildActionMask = 2147483647;
			files = (
			);
			runOnlyForDeploymentPostprocessing = 0;
		};
		473062DC2FD17E5400086379 /* Frameworks */ = {
			isa = PBXFrameworksBuildPhase;
			buildActionMask = 2147483647;
			files = (
			);
			runOnlyForDeploymentPostprocessing = 0;
		};
		473062E62FD17E5400086379 /* Frameworks */ = {
			isa = PBXFrameworksBuildPhase;
			buildActionMask = 2147483647;
			files = (
			);
			runOnlyForDeploymentPostprocessing = 0;
		};
/* End PBXFrameworksBuildPhase section */

/* Begin PBXGroup section */
		068B0B95911C69954A0E3682 /* ViewModels */ = {
			isa = PBXGroup;
			children = (
				55E2C6B8D906F1C2960A160B /* MainViewModel.swift */,
			);
			path = ViewModels;
			sourceTree = "<group>";
		};
		3C5FEC2691BD670AC2FAF52E /* broche */ = {
			isa = PBXGroup;
			children = (
				068B0B95911C69954A0E3682 /* ViewModels */,
				CEA1DEA7E9EC68DC2C086AA4 /* Models */,
				93F85BE109AC0E0993A2DC2E /* Views */,
				8AFD18E817606379AC06FFB0 /* UIConstants.swift */,
			);
			path = broche;
			sourceTree = "<group>";
		};
		473062C92FD17E5200086379 = {
			isa = PBXGroup;
			children = (
				473062D42FD17E5200086379 /* broche */,
				473062E22FD17E5400086379 /* brocheTests */,
				473062EC2FD17E5400086379 /* brocheUITests */,
				473062D32FD17E5200086379 /* Products */,
				3C5FEC2691BD670AC2FAF52E /* broche */,
			);
			sourceTree = "<group>";
		};
		473062D32FD17E5200086379 /* Products */ = {
			isa = PBXGroup;
			children = (
				473062D22FD17E5200086379 /* broche.app */,
				473062DF2FD17E5400086379 /* brocheTests.xctest */,
				473062E92FD17E5400086379 /* brocheUITests.xctest */,
			);
			name = Products;
			sourceTree = "<group>";
		};
		93F85BE109AC0E0993A2DC2E /* Views */ = {
			isa = PBXGroup;
			children = (
				659F769664EC61350B899A39 /* MoodView.swift */,
				AB0A6979573682F082D87057 /* EditMoodView.swift */,
			);
			name = Views;
			path = Views;
			sourceTree = "<group>";
		};
		CEA1DEA7E9EC68DC2C086AA4 /* Models */ = {
			isa = PBXGroup;
			children = (
				D03DA20501727C78D3708504 /* Layers */,
				76DF667A729738DAF1865347 /* Mood.swift */,
			);
			name = Models;
			path = Models;
			sourceTree = "<group>";
		};
		D03DA20501727C78D3708504 /* Layers */ = {
			isa = PBXGroup;
			children = (
				1507998449752ED5C1DF40DE /* Layer.swift */,
			);
			name = Layers;
			path = Layers;
			sourceTree = "<group>";
		};
/* End PBXGroup section */

/* Begin PBXNativeTarget section */
		473062D12FD17E5200086379 /* broche */ = {
			isa = PBXNativeTarget;
			buildConfigurationList = 473062F32FD17E5400086379 /* Build configuration list for PBXNativeTarget "broche" */;
			buildPhases = (
				473062CE2FD17E5200086379 /* Sources */,
				473062CF2FD17E5200086379 /* Frameworks */,
				473062D02FD17E5200086379 /* Resources */,
			);
			buildRules = (
			);
			dependencies = (
			);
			fileSystemSynchronizedGroups = (
				473062D42FD17E5200086379 /* broche */,
			);
			name = broche;
			packageProductDependencies = (
			);
			productName = broche;
			productReference = 473062D22FD17E5200086379 /* broche.app */;
			productType = "com.apple.product-type.application";
		};
		473062DE2FD17E5400086379 /* brocheTests */ = {
			isa = PBXNativeTarget;
			buildConfigurationList = 473062F62FD17E5400086379 /* Build configuration list for PBXNativeTarget "brocheTests" */;
			buildPhases = (
				473062DB2FD17E5400086379 /* Sources */,
				473062DC2FD17E5400086379 /* Frameworks */,
				473062DD2FD17E5400086379 /* Resources */,
			);
			buildRules = (
			);
			dependencies = (
				473062E12FD17E5400086379 /* PBXTargetDependency */,
			);
			fileSystemSynchronizedGroups = (
				473062E22FD17E5400086379 /* brocheTests */,
			);
			name = brocheTests;
			packageProductDependencies = (
			);
			productName = brocheTests;
			productReference = 473062DF2FD17E5400086379 /* brocheTests.xctest */;
			productType = "com.apple.product-type.bundle.unit-test";
		};
		473062E82FD17E5400086379 /* brocheUITests */ = {
			isa = PBXNativeTarget;
			buildConfigurationList = 473062F92FD17E5400086379 /* Build configuration list for PBXNativeTarget "brocheUITests" */;
			buildPhases = (
				473062E52FD17E5400086379 /* Sources */,
				473062E62FD17E5400086379 /* Frameworks */,
				473062E72FD17E5400086379 /* Resources */,
			);
			buildRules = (
			);
			dependencies = (
				473062EB2FD17E5400086379 /* PBXTargetDependency */,
			);
			fileSystemSynchronizedGroups = (
				473062EC2FD17E5400086379 /* brocheUITests */,
			);
			name = brocheUITests;
			packageProductDependencies = (
			);
			productName = brocheUITests;
			productReference = 473062E92FD17E5400086379 /* brocheUITests.xctest */;
			productType = "com.apple.product-type.bundle.ui-testing";
		};
/* End PBXNativeTarget section */

/* Begin PBXProject section */
		473062CA2FD17E5200086379 /* Project object */ = {
			isa = PBXProject;
			attributes = {
				BuildIndependentTargetsInParallel = 1;
				LastSwiftUpdateCheck = 2620;
				LastUpgradeCheck = 2620;
				TargetAttributes = {
					473062D12FD17E5200086379 = {
						CreatedOnToolsVersion = 26.2;
					};
					473062DE2FD17E5400086379 = {
						CreatedOnToolsVersion = 26.2;
						TestTargetID = 473062D12FD17E5200086379;
					};
					473062E82FD17E5400086379 = {
						CreatedOnToolsVersion = 26.2;
						TestTargetID = 473062D12FD17E5200086379;
					};
				};
			};
			buildConfigurationList = 473062CD2FD17E5200086379 /* Build configuration list for PBXProject "broche" */;
			developmentRegion = en;
			hasScannedForEncodings = 0;
			knownRegions = (
				en,
				Base,
			);
			mainGroup = 473062C92FD17E5200086379;
			minimizedProjectReferenceProxies = 1;
			preferredProjectObjectVersion = 77;
			productRefGroup = 473062D32FD17E5200086379 /* Products */;
			projectDirPath = "";
			projectRoot = "";
			targets = (
				473062D12FD17E5200086379 /* broche */,
				473062DE2FD17E5400086379 /* brocheTests */,
				473062E82FD17E5400086379 /* brocheUITests */,
			);
		};
/* End PBXProject section */

/* Begin PBXResourcesBuildPhase section */
		473062D02FD17E5200086379 /* Resources */ = {
			isa = PBXResourcesBuildPhase;
			buildActionMask = 2147483647;
			files = (
				CD5F4BA1841BE74AB22282BC /* Mood.swift in Resources */,
			);
			runOnlyForDeploymentPostprocessing = 0;
		};
		473062DD2FD17E5400086379 /* Resources */ = {
			isa = PBXResourcesBuildPhase;
			buildActionMask = 2147483647;
			files = (
			);
			runOnlyForDeploymentPostprocessing = 0;
		};
		473062E72FD17E5400086379 /* Resources */ = {
			isa = PBXResourcesBuildPhase;
			buildActionMask = 2147483647;
			files = (
			);
			runOnlyForDeploymentPostprocessing = 0;
		};
/* End PBXResourcesBuildPhase section */

/* Begin PBXSourcesBuildPhase section */
		473062CE2FD17E5200086379 /* Sources */ = {
			isa = PBXSourcesBuildPhase;
			buildActionMask = 2147483647;
			files = (
				493697E75107A6E383E841DE /* MainViewModel.swift in Sources */,
				D5836EE22890EA3713FFF6A5 /* Layer.swift in Sources */,
				5D70F4B0EBB6B4C0139ED190 /* MoodView.swift in Sources */,
				AADFCC1387BE145385F58F76 /* UIConstants.swift in Sources */,
				4F53CC194D8840A01AC56167 /* EditMoodView.swift in Sources */,
			);
			runOnlyForDeploymentPostprocessing = 0;
		};
		473062DB2FD17E5400086379 /* Sources */ = {
			isa = PBXSourcesBuildPhase;
			buildActionMask = 2147483647;
			files = (
			);
			runOnlyForDeploymentPostprocessing = 0;
		};
		473062E52FD17E5400086379 /* Sources */ = {
			isa = PBXSourcesBuildPhase;
			buildActionMask = 2147483647;
			files = (
			);
			runOnlyForDeploymentPostprocessing = 0;
		};
/* End PBXSourcesBuildPhase section */

/* Begin PBXTargetDependency section */
		473062E12FD17E5400086379 /* PBXTargetDependency */ = {
			isa = PBXTargetDependency;
			target = 473062D12FD17E5200086379 /* broche */;
			targetProxy = 473062E02FD17E5400086379 /* PBXContainerItemProxy */;
		};
		473062EB2FD17E5400086379 /* PBXTargetDependency */ = {
			isa = PBXTargetDependency;
			target = 473062D12FD17E5200086379 /* broche */;
			targetProxy = 473062EA2FD17E5400086379 /* PBXContainerItemProxy */;
		};
/* End PBXTargetDependency section */

/* Begin XCBuildConfiguration section */
		473062F12FD17E5400086379 /* Debug */ = {
			isa = XCBuildConfiguration;
			buildSettings = {
				ALWAYS_SEARCH_USER_PATHS = NO;
				ASSETCATALOG_COMPILER_GENERATE_SWIFT_ASSET_SYMBOL_EXTENSIONS = YES;
				CLANG_ANALYZER_NONNULL = YES;
				CLANG_ANALYZER_NUMBER_OBJECT_CONVERSION = YES_AGGRESSIVE;
				CLANG_CXX_LANGUAGE_STANDARD = "gnu++20";
				CLANG_ENABLE_MODULES = YES;
				CLANG_ENABLE_OBJC_ARC = YES;
				CLANG_ENABLE_OBJC_WEAK = YES;
				CLANG_WARN_BLOCK_CAPTURE_AUTORELEASING = YES;
				CLANG_WARN_BOOL_CONVERSION = YES;
				CLANG_WARN_COMMA = YES;
				CLANG_WARN_CONSTANT_CONVERSION = YES;
				CLANG_WARN_DEPRECATED_OBJC_IMPLEMENTATIONS = YES;
				CLANG_WARN_DIRECT_OBJC_ISA_USAGE = YES_ERROR;
				CLANG_WARN_DOCUMENTATION_COMMENTS = YES;
				CLANG_WARN_EMPTY_BODY = YES;
				CLANG_WARN_ENUM_CONVERSION = YES;
				CLANG_WARN_INFINITE_RECURSION = YES;
				CLANG_WARN_INT_CONVERSION = YES;
				CLANG_WARN_NON_LITERAL_NULL_CONVERSION = YES;
				CLANG_WARN_OBJC_IMPLICIT_RETAIN_SELF = YES;
				CLANG_WARN_OBJC_LITERAL_CONVERSION = YES;
				CLANG_WARN_OBJC_ROOT_CLASS = YES_ERROR;
				CLANG_WARN_QUOTED_INCLUDE_IN_FRAMEWORK_HEADER = YES;
				CLANG_WARN_RANGE_LOOP_ANALYSIS = YES;
				CLANG_WARN_STRICT_PROTOTYPES = YES;
				CLANG_WARN_SUSPICIOUS_MOVE = YES;
				CLANG_WARN_UNGUARDED_AVAILABILITY = YES_AGGRESSIVE;
				CLANG_WARN_UNREACHABLE_CODE = YES;
				CLANG_WARN__DUPLICATE_METHOD_MATCH = YES;
				COPY_PHASE_STRIP = NO;
				DEBUG_INFORMATION_FORMAT = dwarf;
				DEVELOPMENT_TEAM = 7K6ZTDFM48;
				ENABLE_STRICT_OBJC_MSGSEND = YES;
				ENABLE_TESTABILITY = YES;
				ENABLE_USER_SCRIPT_SANDBOXING = YES;
				GCC_C_LANGUAGE_STANDARD = gnu17;
				GCC_DYNAMIC_NO_PIC = NO;
				GCC_NO_COMMON_BLOCKS = YES;
				GCC_OPTIMIZATION_LEVEL = 0;
				GCC_PREPROCESSOR_DEFINITIONS = (
					"DEBUG=1",
					"$(inherited)",
				);
				GCC_WARN_64_TO_32_BIT_CONVERSION = YES;
				GCC_WARN_ABOUT_RETURN_TYPE = YES_ERROR;
				GCC_WARN_UNDECLARED_SELECTOR = YES;
				GCC_WARN_UNINITIALIZED_AUTOS = YES_AGGRESSIVE;
				GCC_WARN_UNUSED_FUNCTION = YES;
				GCC_WARN_UNUSED_VARIABLE = YES;
				IPHONEOS_DEPLOYMENT_TARGET = 26.2;
				LOCALIZATION_PREFERS_STRING_CATALOGS = YES;
				MTL_ENABLE_DEBUG_INFO = INCLUDE_SOURCE;
				MTL_FAST_MATH = YES;
				ONLY_ACTIVE_ARCH = YES;
				SDKROOT = iphoneos;
				SWIFT_ACTIVE_COMPILATION_CONDITIONS = "DEBUG $(inherited)";
				SWIFT_OPTIMIZATION_LEVEL = "-Onone";
			};
			name = Debug;
		};
		473062F22FD17E5400086379 /* Release */ = {
			isa = XCBuildConfiguration;
			buildSettings = {
				ALWAYS_SEARCH_USER_PATHS = NO;
				ASSETCATALOG_COMPILER_GENERATE_SWIFT_ASSET_SYMBOL_EXTENSIONS = YES;
				CLANG_ANALYZER_NONNULL = YES;
				CLANG_ANALYZER_NUMBER_OBJECT_CONVERSION = YES_AGGRESSIVE;
				CLANG_CXX_LANGUAGE_STANDARD = "gnu++20";
				CLANG_ENABLE_MODULES = YES;
				CLANG_ENABLE_OBJC_ARC = YES;
				CLANG_ENABLE_OBJC_WEAK = YES;
				CLANG_WARN_BLOCK_CAPTURE_AUTORELEASING = YES;
				CLANG_WARN_BOOL_CONVERSION = YES;
				CLANG_WARN_COMMA = YES;
				CLANG_WARN_CONSTANT_CONVERSION = YES;
				CLANG_WARN_DEPRECATED_OBJC_IMPLEMENTATIONS = YES;
				CLANG_WARN_DIRECT_OBJC_ISA_USAGE = YES_ERROR;
				CLANG_WARN_DOCUMENTATION_COMMENTS = YES;
				CLANG_WARN_EMPTY_BODY = YES;
				CLANG_WARN_ENUM_CONVERSION = YES;
				CLANG_WARN_INFINITE_RECURSION = YES;
				CLANG_WARN_INT_CONVERSION = YES;
				CLANG_WARN_NON_LITERAL_NULL_CONVERSION = YES;
				CLANG_WARN_OBJC_IMPLICIT_RETAIN_SELF = YES;
				CLANG_WARN_OBJC_LITERAL_CONVERSION = YES;
				CLANG_WARN_OBJC_ROOT_CLASS = YES_ERROR;
				CLANG_WARN_QUOTED_INCLUDE_IN_FRAMEWORK_HEADER = YES;
				CLANG_WARN_RANGE_LOOP_ANALYSIS = YES;
				CLANG_WARN_STRICT_PROTOTYPES = YES;
				CLANG_WARN_SUSPICIOUS_MOVE = YES;
				CLANG_WARN_UNGUARDED_AVAILABILITY = YES_AGGRESSIVE;
				CLANG_WARN_UNREACHABLE_CODE = YES;
				CLANG_WARN__DUPLICATE_METHOD_MATCH = YES;
				COPY_PHASE_STRIP = NO;
				DEBUG_INFORMATION_FORMAT = "dwarf-with-dsym";
				DEVELOPMENT_TEAM = 7K6ZTDFM48;
				ENABLE_NS_ASSERTIONS = NO;
				ENABLE_STRICT_OBJC_MSGSEND = YES;
				ENABLE_USER_SCRIPT_SANDBOXING = YES;
				GCC_C_LANGUAGE_STANDARD = gnu17;
				GCC_NO_COMMON_BLOCKS = YES;
				GCC_WARN_64_TO_32_BIT_CONVERSION = YES;
				GCC_WARN_ABOUT_RETURN_TYPE = YES_ERROR;
				GCC_WARN_UNDECLARED_SELECTOR = YES;
				GCC_WARN_UNINITIALIZED_AUTOS = YES_AGGRESSIVE;
				GCC_WARN_UNUSED_FUNCTION = YES;
				GCC_WARN_UNUSED_VARIABLE = YES;
				IPHONEOS_DEPLOYMENT_TARGET = 26.2;
				LOCALIZATION_PREFERS_STRING_CATALOGS = YES;
				MTL_ENABLE_DEBUG_INFO = NO;
				MTL_FAST_MATH = YES;
				SDKROOT = iphoneos;
				SWIFT_COMPILATION_MODE = wholemodule;
				VALIDATE_PRODUCT = YES;
			};
			name = Release;
		};
		473062F42FD17E5400086379 /* Debug */ = {
			isa = XCBuildConfiguration;
			buildSettings = {
				ASSETCATALOG_COMPILER_APPICON_NAME = AppIcon;
				ASSETCATALOG_COMPILER_GLOBAL_ACCENT_COLOR_NAME = AccentColor;
				CODE_SIGN_STYLE = Automatic;
				CURRENT_PROJECT_VERSION = 1;
				DEVELOPMENT_TEAM = 7K6ZTDFM48;
				ENABLE_PREVIEWS = YES;
				GENERATE_INFOPLIST_FILE = YES;
				INFOPLIST_KEY_UIApplicationSceneManifest_Generation = YES;
				INFOPLIST_KEY_UIApplicationSupportsIndirectInputEvents = YES;
				INFOPLIST_KEY_UILaunchScreen_Generation = YES;
				INFOPLIST_KEY_UISupportedInterfaceOrientations_iPad = "UIInterfaceOrientationPortrait UIInterfaceOrientationPortraitUpsideDown UIInterfaceOrientationLandscapeLeft UIInterfaceOrientationLandscapeRight";
				INFOPLIST_KEY_UISupportedInterfaceOrientations_iPhone = "UIInterfaceOrientationPortrait UIInterfaceOrientationLandscapeLeft UIInterfaceOrientationLandscapeRight";
				LD_RUNPATH_SEARCH_PATHS = (
					"$(inherited)",
					"@executable_path/Frameworks",
				);
				MARKETING_VERSION = 1.0;
				PRODUCT_BUNDLE_IDENTIFIER = co.mrzzy.test.broche;
				PRODUCT_NAME = "$(TARGET_NAME)";
				STRING_CATALOG_GENERATE_SYMBOLS = YES;
				SWIFT_APPROACHABLE_CONCURRENCY = YES;
				SWIFT_DEFAULT_ACTOR_ISOLATION = MainActor;
				SWIFT_EMIT_LOC_STRINGS = YES;
				SWIFT_UPCOMING_FEATURE_MEMBER_IMPORT_VISIBILITY = YES;
				SWIFT_VERSION = 5.0;
				TARGETED_DEVICE_FAMILY = "1,2";
			};
			name = Debug;
		};
		473062F52FD17E5400086379 /* Release */ = {
			isa = XCBuildConfiguration;
			buildSettings = {
				ASSETCATALOG_COMPILER_APPICON_NAME = AppIcon;
				ASSETCATALOG_COMPILER_GLOBAL_ACCENT_COLOR_NAME = AccentColor;
				CODE_SIGN_STYLE = Automatic;
				CURRENT_PROJECT_VERSION = 1;
				DEVELOPMENT_TEAM = 7K6ZTDFM48;
				ENABLE_PREVIEWS = YES;
				GENERATE_INFOPLIST_FILE = YES;
				INFOPLIST_KEY_UIApplicationSceneManifest_Generation = YES;
				INFOPLIST_KEY_UIApplicationSupportsIndirectInputEvents = YES;
				INFOPLIST_KEY_UILaunchScreen_Generation = YES;
				INFOPLIST_KEY_UISupportedInterfaceOrientations_iPad = "UIInterfaceOrientationPortrait UIInterfaceOrientationPortraitUpsideDown UIInterfaceOrientationLandscapeLeft UIInterfaceOrientationLandscapeRight";
				INFOPLIST_KEY_UISupportedInterfaceOrientations_iPhone = "UIInterfaceOrientationPortrait UIInterfaceOrientationLandscapeLeft UIInterfaceOrientationLandscapeRight";
				LD_RUNPATH_SEARCH_PATHS = (
					"$(inherited)",
					"@executable_path/Frameworks",
				);
				MARKETING_VERSION = 1.0;
				PRODUCT_BUNDLE_IDENTIFIER = co.mrzzy.test.broche;
				PRODUCT_NAME = "$(TARGET_NAME)";
				STRING_CATALOG_GENERATE_SYMBOLS = YES;
				SWIFT_APPROACHABLE_CONCURRENCY = YES;
				SWIFT_DEFAULT_ACTOR_ISOLATION = MainActor;
				SWIFT_EMIT_LOC_STRINGS = YES;
				SWIFT_UPCOMING_FEATURE_MEMBER_IMPORT_VISIBILITY = YES;
				SWIFT_VERSION = 5.0;
				TARGETED_DEVICE_FAMILY = "1,2";
			};
			name = Release;
		};
		473062F72FD17E5400086379 /* Debug */ = {
			isa = XCBuildConfiguration;
			buildSettings = {
				BUNDLE_LOADER = "$(TEST_HOST)";
				CODE_SIGN_STYLE = Automatic;
				CURRENT_PROJECT_VERSION = 1;
				DEVELOPMENT_TEAM = 7K6ZTDFM48;
				GENERATE_INFOPLIST_FILE = YES;
				IPHONEOS_DEPLOYMENT_TARGET = 26.2;
				MARKETING_VERSION = 1.0;
				PRODUCT_BUNDLE_IDENTIFIER = co.mrzzy.test.brocheTests;
				PRODUCT_NAME = "$(TARGET_NAME)";
				STRING_CATALOG_GENERATE_SYMBOLS = NO;
				SWIFT_APPROACHABLE_CONCURRENCY = YES;
				SWIFT_EMIT_LOC_STRINGS = NO;
				SWIFT_UPCOMING_FEATURE_MEMBER_IMPORT_VISIBILITY = YES;
				SWIFT_VERSION = 5.0;
				TARGETED_DEVICE_FAMILY = "1,2";
				TEST_HOST = "$(BUILT_PRODUCTS_DIR)/broche.app/$(BUNDLE_EXECUTABLE_FOLDER_PATH)/broche";
			};
			name = Debug;
		};
		473062F82FD17E5400086379 /* Release */ = {
			isa = XCBuildConfiguration;
			buildSettings = {
				BUNDLE_LOADER = "$(TEST_HOST)";
				CODE_SIGN_STYLE = Automatic;
				CURRENT_PROJECT_VERSION = 1;
				DEVELOPMENT_TEAM = 7K6ZTDFM48;
				GENERATE_INFOPLIST_FILE = YES;
				IPHONEOS_DEPLOYMENT_TARGET = 26.2;
				MARKETING_VERSION = 1.0;
				PRODUCT_BUNDLE_IDENTIFIER = co.mrzzy.test.brocheTests;
				PRODUCT_NAME = "$(TARGET_NAME)";
				STRING_CATALOG_GENERATE_SYMBOLS = NO;
				SWIFT_APPROACHABLE_CONCURRENCY = YES;
				SWIFT_EMIT_LOC_STRINGS = NO;
				SWIFT_UPCOMING_FEATURE_MEMBER_IMPORT_VISIBILITY = YES;
				SWIFT_VERSION = 5.0;
				TARGETED_DEVICE_FAMILY = "1,2";
				TEST_HOST = "$(BUILT_PRODUCTS_DIR)/broche.app/$(BUNDLE_EXECUTABLE_FOLDER_PATH)/broche";
			};
			name = Release;
		};
		473062FA2FD17E5400086379 /* Debug */ = {
			isa = XCBuildConfiguration;
			buildSettings = {
				CODE_SIGN_STYLE = Automatic;
				CURRENT_PROJECT_VERSION = 1;
				DEVELOPMENT_TEAM = 7K6ZTDFM48;
				GENERATE_INFOPLIST_FILE = YES;
				MARKETING_VERSION = 1.0;
				PRODUCT_BUNDLE_IDENTIFIER = co.mrzzy.test.brocheUITests;
				PRODUCT_NAME = "$(TARGET_NAME)";
				STRING_CATALOG_GENERATE_SYMBOLS = NO;
				SWIFT_APPROACHABLE_CONCURRENCY = YES;
				SWIFT_EMIT_LOC_STRINGS = NO;
				SWIFT_UPCOMING_FEATURE_MEMBER_IMPORT_VISIBILITY = YES;
				SWIFT_VERSION = 5.0;
				TARGETED_DEVICE_FAMILY = "1,2";
				TEST_TARGET_NAME = broche;
			};
			name = Debug;
		};
		473062FB2FD17E5400086379 /* Release */ = {
			isa = XCBuildConfiguration;
			buildSettings = {
				CODE_SIGN_STYLE = Automatic;
				CURRENT_PROJECT_VERSION = 1;
				DEVELOPMENT_TEAM = 7K6ZTDFM48;
				GENERATE_INFOPLIST_FILE = YES;
				MARKETING_VERSION = 1.0;
				PRODUCT_BUNDLE_IDENTIFIER = co.mrzzy.test.brocheUITests;
				PRODUCT_NAME = "$(TARGET_NAME)";
				STRING_CATALOG_GENERATE_SYMBOLS = NO;
				SWIFT_APPROACHABLE_CONCURRENCY = YES;
				SWIFT_EMIT_LOC_STRINGS = NO;
				SWIFT_UPCOMING_FEATURE_MEMBER_IMPORT_VISIBILITY = YES;
				SWIFT_VERSION = 5.0;
				TARGETED_DEVICE_FAMILY = "1,2";
				TEST_TARGET_NAME = broche;
			};
			name = Release;
		};
/* End XCBuildConfiguration section */

/* Begin XCConfigurationList section */
		473062CD2FD17E5200086379 /* Build configuration list for PBXProject "broche" */ = {
			isa = XCConfigurationList;
			buildConfigurations = (
				473062F12FD17E5400086379 /* Debug */,
				473062F22FD17E5400086379 /* Release */,
			);
			defaultConfigurationIsVisible = 0;
			defaultConfigurationName = Release;
		};
		473062F32FD17E5400086379 /* Build configuration list for PBXNativeTarget "broche" */ = {
			isa = XCConfigurationList;
			buildConfigurations = (
				473062F42FD17E5400086379 /* Debug */,
				473062F52FD17E5400086379 /* Release */,
			);
			defaultConfigurationIsVisible = 0;
			defaultConfigurationName = Release;
		};
		473062F62FD17E5400086379 /* Build configuration list for PBXNativeTarget "brocheTests" */ = {
			isa = XCConfigurationList;
			buildConfigurations = (
				473062F72FD17E5400086379 /* Debug */,
				473062F82FD17E5400086379 /* Release */,
			);
			defaultConfigurationIsVisible = 0;
			defaultConfigurationName = Release;
		};
		473062F92FD17E5400086379 /* Build configuration list for PBXNativeTarget "brocheUITests" */ = {
			isa = XCConfigurationList;
			buildConfigurations = (
				473062FA2FD17E5400086379 /* Debug */,
				473062FB2FD17E5400086379 /* Release */,
			);
			defaultConfigurationIsVisible = 0;
			defaultConfigurationName = Release;
		};
/* End XCConfigurationList section */
	};
	rootObject = 473062CA2FD17E5200086379 /* Project object */;
}
